// !$*UTF8*$!
{
	archiveVersion = 1;
	classes = {
	};
	objectVersion = 56;
	objects = {

/* Begin PBXBuildFile section */
		66D0843D2BA3840C00EB8556 /* AppDelegate.swift in Sources */ = {isa = PBXBuildFile; fileRef = 66D0843C2BA3840C00EB8556 /* AppDelegate.swift */; };
		66D0843F2BA3840C00EB8556 /* SceneDelegate.swift in Sources */ = {isa = PBXBuildFile; fileRef = 66D0843E2BA3840C00EB8556 /* SceneDelegate.swift */; };
		66D084462BA3840D00EB8556 /* Assets.xcassets in Resources */ = {isa = PBXBuildFile; fileRef = 66D084452BA3840D00EB8556 /* Assets.xcassets */; };
		66D084492BA3840D00EB8556 /* Base in Resources */ = {isa = PBXBuildFile; fileRef = 66D084482BA3840D00EB8556 /* Base */; };
		66D084572BA3CDF700EB8556 /* AppVC.swift in Sources */ = {isa = PBXBuildFile; fileRef = 66D084562BA3CDEF00EB8556 /* AppVC.swift */; };
		66D0846C2BA3CEC300EB8556 /* UIView+Layout.swift in Sources */ = {isa = PBXBuildFile; fileRef = 66D084582BA3CEC300EB8556 /* UIView+Layout.swift */; };
		66D0846D2BA3CEC300EB8556 /* CGPoint+Extensions.swift in Sources */ = {isa = PBXBuildFile; fileRef = 66D0845A2BA3CEC300EB8556 /* CGPoint+Extensions.swift */; };
		66D0846F2BA3CEC300EB8556 /* Indirect.swift in Sources */ = {isa = PBXBuildFile; fileRef = 66D0845C2BA3CEC300EB8556 /* Indirect.swift */; };
		66D084702BA3CEC300EB8556 /* Math.swift in Sources */ = {isa = PBXBuildFile; fileRef = 66D0845D2BA3CEC300EB8556 /* Math.swift */; };
		66D084712BA3CEC300EB8556 /* PassthroughViews.swift in Sources */ = {isa = PBXBuildFile; fileRef = 66D0845F2BA3CEC300EB8556 /* PassthroughViews.swift */; };
		66D084722BA3CEC300EB8556 /* UIButton+Misc.swift in Sources */ = {isa = PBXBuildFile; fileRef = 66D084602BA3CEC300EB8556 /* UIButton+Misc.swift */; };
		66D084732BA3CEC300EB8556 /* UIScrollView+Misc.swift in Sources */ = {isa = PBXBuildFile; fileRef = 66D084612BA3CEC300EB8556 /* UIScrollView+Misc.swift */; };
		66D084742BA3CEC300EB8556 /* UITableView+Misc.swift in Sources */ = {isa = PBXBuildFile; fileRef = 66D084622BA3CEC300EB8556 /* UITableView+Misc.swift */; };
		66D084752BA3CEC300EB8556 /* UITableView+Register.swift in Sources */ = {isa = PBXBuildFile; fileRef = 66D084632BA3CEC300EB8556 /* UITableView+Register.swift */; };
		66D084762BA3CEC300EB8556 /* UIView+Misc.swift in Sources */ = {isa = PBXBuildFile; fileRef = 66D084642BA3CEC300EB8556 /* UIView+Misc.swift */; };
		66D084772BA3CEC300EB8556 /* ContainerViewController.swift in Sources */ = {isa = PBXBuildFile; fileRef = 66D084662BA3CEC300EB8556 /* ContainerViewController.swift */; };
		66D084782BA3CEC300EB8556 /* UIViewController+Alert.swift in Sources */ = {isa = PBXBuildFile; fileRef = 66D084672BA3CEC300EB8556 /* UIViewController+Alert.swift */; };
		66D084792BA3CEC300EB8556 /* UIViewController+Child.swift in Sources */ = {isa = PBXBuildFile; fileRef = 66D084682BA3CEC300EB8556 /* UIViewController+Child.swift */; };
		66D0847A2BA3CEC300EB8556 /* UIViewController+Misc.swift in Sources */ = {isa = PBXBuildFile; fileRef = 66D084692BA3CEC300EB8556 /* UIViewController+Misc.swift */; };
/* End PBXBuildFile section */

/* Begin PBXFileReference section */
		66D084392BA3840C00EB8556 /* LuxAnimate.app */ = {isa = PBXFileReference; explicitFileType = wrapper.application; includeInIndex = 0; path = LuxAnimate.app; sourceTree = BUILT_PRODUCTS_DIR; };
		66D0843C2BA3840C00EB8556 /* AppDelegate.swift */ = {isa = PBXFileReference; lastKnownFileType = sourcecode.swift; path = AppDelegate.swift; sourceTree = "<group>"; };
		66D0843E2BA3840C00EB8556 /* SceneDelegate.swift */ = {isa = PBXFileReference; lastKnownFileType = sourcecode.swift; path = SceneDelegate.swift; sourceTree = "<group>"; };
		66D084452BA3840D00EB8556 /* Assets.xcassets */ = {isa = PBXFileReference; lastKnownFileType = folder.assetcatalog; path = Assets.xcassets; sourceTree = "<group>"; };
		66D084482BA3840D00EB8556 /* Base */ = {isa = PBXFileReference; lastKnownFileType = file.storyboard; name = Base; path = Base.lproj/LaunchScreen.storyboard; sourceTree = "<group>"; };
		66D0844A2BA3840D00EB8556 /* Info.plist */ = {isa = PBXFileReference; lastKnownFileType = text.plist.xml; path = Info.plist; sourceTree = "<group>"; };
		66D084562BA3CDEF00EB8556 /* AppVC.swift */ = {isa = PBXFileReference; lastKnownFileType = sourcecode.swift; path = AppVC.swift; sourceTree = "<group>"; };
		66D084582BA3CEC300EB8556 /* UIView+Layout.swift */ = {isa = PBXFileReference; fileEncoding = 4; lastKnownFileType = sourcecode.swift; path = "UIView+Layout.swift"; sourceTree = "<group>"; };
		66D0845A2BA3CEC300EB8556 /* CGPoint+Extensions.swift */ = {isa = PBXFileReference; fileEncoding = 4; lastKnownFileType = sourcecode.swift; path = "CGPoint+Extensions.swift"; sourceTree = "<group>"; };
		66D0845C2BA3CEC300EB8556 /* Indirect.swift */ = {isa = PBXFileReference; fileEncoding = 4; lastKnownFileType = sourcecode.swift; path = Indirect.swift; sourceTree = "<group>"; };
		66D0845D2BA3CEC300EB8556 /* Math.swift */ = {isa = PBXFileReference; fileEncoding = 4; lastKnownFileType = sourcecode.swift; path = Math.swift; sourceTree = "<group>"; };
		66D0845F2BA3CEC300EB8556 /* PassthroughViews.swift */ = {isa = PBXFileReference; fileEncoding = 4; lastKnownFileType = sourcecode.swift; path = PassthroughViews.swift; sourceTree = "<group>"; };
		66D084602BA3CEC300EB8556 /* UIButton+Misc.swift */ = {isa = PBXFileReference; fileEncoding = 4; lastKnownFileType = sourcecode.swift; path = "UIButton+Misc.swift"; sourceTree = "<group>"; };
		66D084612BA3CEC300EB8556 /* UIScrollView+Misc.swift */ = {isa = PBXFileReference; fileEncoding = 4; lastKnownFileType = sourcecode.swift; path = "UIScrollView+Misc.swift"; sourceTree = "<group>"; };
		66D084622BA3CEC300EB8556 /* UITableView+Misc.swift */ = {isa = PBXFileReference; fileEncoding = 4; lastKnownFileType = sourcecode.swift; path = "UITableView+Misc.swift"; sourceTree = "<group>"; };
		66D084632BA3CEC300EB8556 /* UITableView+Register.swift */ = {isa = PBXFileReference; fileEncoding = 4; lastKnownFileType = sourcecode.swift; path = "UITableView+Register.swift"; sourceTree = "<group>"; };
		66D084642BA3CEC300EB8556 /* UIView+Misc.swift */ = {isa = PBXFileReference; fileEncoding = 4; lastKnownFileType = sourcecode.swift; path = "UIView+Misc.swift"; sourceTree = "<group>"; };
		66D084662BA3CEC300EB8556 /* ContainerViewController.swift */ = {isa = PBXFileReference; fileEncoding = 4; lastKnownFileType = sourcecode.swift; path = ContainerViewController.swift; sourceTree = "<group>"; };
		66D084672BA3CEC300EB8556 /* UIViewController+Alert.swift */ = {isa = PBXFileReference; fileEncoding = 4; lastKnownFileType = sourcecode.swift; path = "UIViewController+Alert.swift"; sourceTree = "<group>"; };
		66D084682BA3CEC300EB8556 /* UIViewController+Child.swift */ = {isa = PBXFileReference; fileEncoding = 4; lastKnownFileType = sourcecode.swift; path = "UIViewController+Child.swift"; sourceTree = "<group>"; };
		66D084692BA3CEC300EB8556 /* UIViewController+Misc.swift */ = {isa = PBXFileReference; fileEncoding = 4; lastKnownFileType = sourcecode.swift; path = "UIViewController+Misc.swift"; sourceTree = "<group>"; };
/* End PBXFileReference section */

/* Begin PBXFrameworksBuildPhase section */
		66D084362BA3840C00EB8556 /* Frameworks */ = {
			isa = PBXFrameworksBuildPhase;
			buildActionMask = 2147483647;
			files = (
			);
			runOnlyForDeploymentPostprocessing = 0;
		};
/* End PBXFrameworksBuildPhase section */

/* Begin PBXGroup section */
		66D084302BA3840B00EB8556 = {
			isa = PBXGroup;
			children = (
				66D0843B2BA3840C00EB8556 /* LuxAnimate */,
				66D0843A2BA3840C00EB8556 /* Products */,
			);
			sourceTree = "<group>";
		};
		66D0843A2BA3840C00EB8556 /* Products */ = {
			isa = PBXGroup;
			children = (
				66D084392BA3840C00EB8556 /* LuxAnimate.app */,
			);
			name = Products;
			sourceTree = "<group>";
		};
		66D0843B2BA3840C00EB8556 /* LuxAnimate */ = {
			isa = PBXGroup;
			children = (
				66D084532BA3CD3000EB8556 /* Views */,
				66D0846B2BA3CEC300EB8556 /* Utilities */,
				66D084522BA3CD1F00EB8556 /* System */,
				66D084542BA3CD3F00EB8556 /* Resources */,
			);
			path = LuxAnimate;
			sourceTree = "<group>";
		};
		66D084522BA3CD1F00EB8556 /* System */ = {
			isa = PBXGroup;
			children = (
				66D0843C2BA3840C00EB8556 /* AppDelegate.swift */,
				66D0843E2BA3840C00EB8556 /* SceneDelegate.swift */,
				66D0844A2BA3840D00EB8556 /* Info.plist */,
			);
			path = System;
			sourceTree = "<group>";
		};
		66D084532BA3CD3000EB8556 /* Views */ = {
			isa = PBXGroup;
			children = (
				66D084552BA3CDE400EB8556 /* App */,
			);
			path = Views;
			sourceTree = "<group>";
		};
		66D084542BA3CD3F00EB8556 /* Resources */ = {
			isa = PBXGroup;
			children = (
				66D084452BA3840D00EB8556 /* Assets.xcassets */,
				66D084472BA3840D00EB8556 /* LaunchScreen.storyboard */,
			);
			path = Resources;
			sourceTree = "<group>";
		};
		66D084552BA3CDE400EB8556 /* App */ = {
			isa = PBXGroup;
			children = (
				66D084562BA3CDEF00EB8556 /* AppVC.swift */,
			);
			path = App;
			sourceTree = "<group>";
		};
		66D084592BA3CEC300EB8556 /* Layout */ = {
			isa = PBXGroup;
			children = (
				66D084582BA3CEC300EB8556 /* UIView+Layout.swift */,
			);
			path = Layout;
			sourceTree = "<group>";
		};
		66D0845E2BA3CEC300EB8556 /* Misc */ = {
			isa = PBXGroup;
			children = (
				66D0845A2BA3CEC300EB8556 /* CGPoint+Extensions.swift */,
				66D0845C2BA3CEC300EB8556 /* Indirect.swift */,
				66D0845D2BA3CEC300EB8556 /* Math.swift */,
			);
			path = Misc;
			sourceTree = "<group>";
		};
		66D084652BA3CEC300EB8556 /* View */ = {
			isa = PBXGroup;
			children = (
				66D084642BA3CEC300EB8556 /* UIView+Misc.swift */,
				66D084612BA3CEC300EB8556 /* UIScrollView+Misc.swift */,
				66D084602BA3CEC300EB8556 /* UIButton+Misc.swift */,
				66D084622BA3CEC300EB8556 /* UITableView+Misc.swift */,
				66D084632BA3CEC300EB8556 /* UITableView+Register.swift */,
				66D0845F2BA3CEC300EB8556 /* PassthroughViews.swift */,
			);
			path = View;
			sourceTree = "<group>";
		};
		66D0846A2BA3CEC300EB8556 /* View Controller */ = {
			isa = PBXGroup;
			children = (
				66D084672BA3CEC300EB8556 /* UIViewController+Alert.swift */,
				66D084682BA3CEC300EB8556 /* UIViewController+Child.swift */,
				66D084692BA3CEC300EB8556 /* UIViewController+Misc.swift */,
				66D084662BA3CEC300EB8556 /* ContainerViewController.swift */,
			);
			path = "View Controller";
			sourceTree = "<group>";
		};
		66D0846B2BA3CEC300EB8556 /* Utilities */ = {
			isa = PBXGroup;
			children = (
				66D084652BA3CEC300EB8556 /* View */,
				66D0846A2BA3CEC300EB8556 /* View Controller */,
				66D084592BA3CEC300EB8556 /* Layout */,
				66D0845E2BA3CEC300EB8556 /* Misc */,
			);
			path = Utilities;
			sourceTree = "<group>";
		};
/* End PBXGroup section */

/* Begin PBXNativeTarget section */
		66D084382BA3840C00EB8556 /* LuxAnimate */ = {
			isa = PBXNativeTarget;
			buildConfigurationList = 66D0844D2BA3840D00EB8556 /* Build configuration list for PBXNativeTarget "LuxAnimate" */;
			buildPhases = (
				66D084352BA3840C00EB8556 /* Sources */,
				66D084362BA3840C00EB8556 /* Frameworks */,
				66D084372BA3840C00EB8556 /* Resources */,
			);
			buildRules = (
			);
			dependencies = (
			);
			name = LuxAnimate;
			productName = LuxAnimate;
			productReference = 66D084392BA3840C00EB8556 /* LuxAnimate.app */;
			productType = "com.apple.product-type.application";
		};
/* End PBXNativeTarget section */

/* Begin PBXProject section */
		66D084312BA3840B00EB8556 /* Project object */ = {
			isa = PBXProject;
			attributes = {
				BuildIndependentTargetsInParallel = 1;
				LastSwiftUpdateCheck = 1530;
				LastUpgradeCheck = 1530;
				TargetAttributes = {
					66D084382BA3840C00EB8556 = {
						CreatedOnToolsVersion = 15.3;
					};
				};
			};
			buildConfigurationList = 66D084342BA3840B00EB8556 /* Build configuration list for PBXProject "LuxAnimate" */;
			compatibilityVersion = "Xcode 14.0";
			developmentRegion = en;
			hasScannedForEncodings = 0;
			knownRegions = (
				en,
				Base,
			);
			mainGroup = 66D084302BA3840B00EB8556;
			productRefGroup = 66D0843A2BA3840C00EB8556 /* Products */;
			projectDirPath = "";
			projectRoot = "";
			targets = (
				66D084382BA3840C00EB8556 /* LuxAnimate */,
			);
		};
/* End PBXProject section */

/* Begin PBXResourcesBuildPhase section */
		66D084372BA3840C00EB8556 /* Resources */ = {
			isa = PBXResourcesBuildPhase;
			buildActionMask = 2147483647;
			files = (
				66D084462BA3840D00EB8556 /* Assets.xcassets in Resources */,
				66D084492BA3840D00EB8556 /* Base in Resources */,
			);
			runOnlyForDeploymentPostprocessing = 0;
		};
/* End PBXResourcesBuildPhase section */

/* Begin PBXSourcesBuildPhase section */
		66D084352BA3840C00EB8556 /* Sources */ = {
			isa = PBXSourcesBuildPhase;
			buildActionMask = 2147483647;
			files = (
				66D084732BA3CEC300EB8556 /* UIScrollView+Misc.swift in Sources */,
				66D0846C2BA3CEC300EB8556 /* UIView+Layout.swift in Sources */,
				66D084722BA3CEC300EB8556 /* UIButton+Misc.swift in Sources */,
				66D0846D2BA3CEC300EB8556 /* CGPoint+Extensions.swift in Sources */,
				66D084712BA3CEC300EB8556 /* PassthroughViews.swift in Sources */,
				66D084792BA3CEC300EB8556 /* UIViewController+Child.swift in Sources */,
				66D084752BA3CEC300EB8556 /* UITableView+Register.swift in Sources */,
				66D0846F2BA3CEC300EB8556 /* Indirect.swift in Sources */,
				66D084782BA3CEC300EB8556 /* UIViewController+Alert.swift in Sources */,
				66D084772BA3CEC300EB8556 /* ContainerViewController.swift in Sources */,
				66D0843D2BA3840C00EB8556 /* AppDelegate.swift in Sources */,
				66D084762BA3CEC300EB8556 /* UIView+Misc.swift in Sources */,
				66D084572BA3CDF700EB8556 /* AppVC.swift in Sources */,
				66D0843F2BA3840C00EB8556 /* SceneDelegate.swift in Sources */,
				66D084742BA3CEC300EB8556 /* UITableView+Misc.swift in Sources */,
				66D0847A2BA3CEC300EB8556 /* UIViewController+Misc.swift in Sources */,
				66D084702BA3CEC300EB8556 /* Math.swift in Sources */,
			);
			runOnlyForDeploymentPostprocessing = 0;
		};
/* End PBXSourcesBuildPhase section */

/* Begin PBXVariantGroup section */
		66D084472BA3840D00EB8556 /* LaunchScreen.storyboard */ = {
			isa = PBXVariantGroup;
			children = (
				66D084482BA3840D00EB8556 /* Base */,
			);
			name = LaunchScreen.storyboard;
			sourceTree = "<group>";
		};
/* End PBXVariantGroup section */

/* Begin XCBuildConfiguration section */
		66D0844B2BA3840D00EB8556 /* Debug */ = {
			isa = XCBuildConfiguration;
			buildSettings = {
				ALWAYS_SEARCH_USER_PATHS = NO;
				ASSETCATALOG_COMPILER_GENERATE_SWIFT_ASSET_SYMBOL_EXTENSIONS = YES;
				CLANG_ANALYZER_NONNULL = YES;
				CLANG_ANALYZER_NUMBER_OBJECT_CONVERSION = YES_AGGRESSIVE;
				CLANG_CXX_LANGUAGE_STANDARD = "gnu++20";
				CLANG_ENABLE_MODULES = YES;
				CLANG_ENABLE_OBJC_ARC = YES;
				CLANG_ENABLE_OBJC_WEAK = YES;
				CLANG_WARN_BLOCK_CAPTURE_AUTORELEASING = YES;
				CLANG_WARN_BOOL_CONVERSION = YES;
				CLANG_WARN_COMMA = YES;
				CLANG_WARN_CONSTANT_CONVERSION = YES;
				CLANG_WARN_DEPRECATED_OBJC_IMPLEMENTATIONS = YES;
				CLANG_WARN_DIRECT_OBJC_ISA_USAGE = YES_ERROR;
				CLANG_WARN_DOCUMENTATION_COMMENTS = YES;
				CLANG_WARN_EMPTY_BODY = YES;
				CLANG_WARN_ENUM_CONVERSION = YES;
				CLANG_WARN_INFINITE_RECURSION = YES;
				CLANG_WARN_INT_CONVERSION = YES;
				CLANG_WARN_NON_LITERAL_NULL_CONVERSION = YES;
				CLANG_WARN_OBJC_IMPLICIT_RETAIN_SELF = YES;
				CLANG_WARN_OBJC_LITERAL_CONVERSION = YES;
				CLANG_WARN_OBJC_ROOT_CLASS = YES_ERROR;
				CLANG_WARN_QUOTED_INCLUDE_IN_FRAMEWORK_HEADER = YES;
				CLANG_WARN_RANGE_LOOP_ANALYSIS = YES;
				CLANG_WARN_STRICT_PROTOTYPES = YES;
				CLANG_WARN_SUSPICIOUS_MOVE = YES;
				CLANG_WARN_UNGUARDED_AVAILABILITY = YES_AGGRESSIVE;
				CLANG_WARN_UNREACHABLE_CODE = YES;
				CLANG_WARN__DUPLICATE_METHOD_MATCH = YES;
				COPY_PHASE_STRIP = NO;
				DEBUG_INFORMATION_FORMAT = dwarf;
				ENABLE_STRICT_OBJC_MSGSEND = YES;
				ENABLE_TESTABILITY = YES;
				ENABLE_USER_SCRIPT_SANDBOXING = YES;
				GCC_C_LANGUAGE_STANDARD = gnu17;
				GCC_DYNAMIC_NO_PIC = NO;
				GCC_NO_COMMON_BLOCKS = YES;
				GCC_OPTIMIZATION_LEVEL = 0;
				GCC_PREPROCESSOR_DEFINITIONS = (
					"DEBUG=1",
					"$(inherited)",
				);
				GCC_WARN_64_TO_32_BIT_CONVERSION = YES;
				GCC_WARN_ABOUT_RETURN_TYPE = YES_ERROR;
				GCC_WARN_UNDECLARED_SELECTOR = YES;
				GCC_WARN_UNINITIALIZED_AUTOS = YES_AGGRESSIVE;
				GCC_WARN_UNUSED_FUNCTION = YES;
				GCC_WARN_UNUSED_VARIABLE = YES;
				IPHONEOS_DEPLOYMENT_TARGET = 17.4;
				LOCALIZATION_PREFERS_STRING_CATALOGS = YES;
				MTL_ENABLE_DEBUG_INFO = INCLUDE_SOURCE;
				MTL_FAST_MATH = YES;
				ONLY_ACTIVE_ARCH = YES;
				SDKROOT = iphoneos;
				SWIFT_ACTIVE_COMPILATION_CONDITIONS = "DEBUG $(inherited)";
				SWIFT_OPTIMIZATION_LEVEL = "-Onone";
			};
			name = Debug;
		};
		66D0844C2BA3840D00EB8556 /* Release */ = {
			isa = XCBuildConfiguration;
			buildSettings = {
				ALWAYS_SEARCH_USER_PATHS = NO;
				ASSETCATALOG_COMPILER_GENERATE_SWIFT_ASSET_SYMBOL_EXTENSIONS = YES;
				CLANG_ANALYZER_NONNULL = YES;
				CLANG_ANALYZER_NUMBER_OBJECT_CONVERSION = YES_AGGRESSIVE;
				CLANG_CXX_LANGUAGE_STANDARD = "gnu++20";
				CLANG_ENABLE_MODULES = YES;
				CLANG_ENABLE_OBJC_ARC = YES;
				CLANG_ENABLE_OBJC_WEAK = YES;
				CLANG_WARN_BLOCK_CAPTURE_AUTORELEASING = YES;
				CLANG_WARN_BOOL_CONVERSION = YES;
				CLANG_WARN_COMMA = YES;
				CLANG_WARN_CONSTANT_CONVERSION = YES;
				CLANG_WARN_DEPRECATED_OBJC_IMPLEMENTATIONS = YES;
				CLANG_WARN_DIRECT_OBJC_ISA_USAGE = YES_ERROR;
				CLANG_WARN_DOCUMENTATION_COMMENTS = YES;
				CLANG_WARN_EMPTY_BODY = YES;
				CLANG_WARN_ENUM_CONVERSION = YES;
				CLANG_WARN_INFINITE_RECURSION = YES;
				CLANG_WARN_INT_CONVERSION = YES;
				CLANG_WARN_NON_LITERAL_NULL_CONVERSION = YES;
				CLANG_WARN_OBJC_IMPLICIT_RETAIN_SELF = YES;
				CLANG_WARN_OBJC_LITERAL_CONVERSION = YES;
				CLANG_WARN_OBJC_ROOT_CLASS = YES_ERROR;
				CLANG_WARN_QUOTED_INCLUDE_IN_FRAMEWORK_HEADER = YES;
				CLANG_WARN_RANGE_LOOP_ANALYSIS = YES;
				CLANG_WARN_STRICT_PROTOTYPES = YES;
				CLANG_WARN_SUSPICIOUS_MOVE = YES;
				CLANG_WARN_UNGUARDED_AVAILABILITY = YES_AGGRESSIVE;
				CLANG_WARN_UNREACHABLE_CODE = YES;
				CLANG_WARN__DUPLICATE_METHOD_MATCH = YES;
				COPY_PHASE_STRIP = NO;
				DEBUG_INFORMATION_FORMAT = "dwarf-with-dsym";
				ENABLE_NS_ASSERTIONS = NO;
				ENABLE_STRICT_OBJC_MSGSEND = YES;
				ENABLE_USER_SCRIPT_SANDBOXING = YES;
				GCC_C_LANGUAGE_STANDARD = gnu17;
				GCC_NO_COMMON_BLOCKS = YES;
				GCC_WARN_64_TO_32_BIT_CONVERSION = YES;
				GCC_WARN_ABOUT_RETURN_TYPE = YES_ERROR;
				GCC_WARN_UNDECLARED_SELECTOR = YES;
				GCC_WARN_UNINITIALIZED_AUTOS = YES_AGGRESSIVE;
				GCC_WARN_UNUSED_FUNCTION = YES;
				GCC_WARN_UNUSED_VARIABLE = YES;
				IPHONEOS_DEPLOYMENT_TARGET = 17.4;
				LOCALIZATION_PREFERS_STRING_CATALOGS = YES;
				MTL_ENABLE_DEBUG_INFO = NO;
				MTL_FAST_MATH = YES;
				SDKROOT = iphoneos;
				SWIFT_COMPILATION_MODE = wholemodule;
				VALIDATE_PRODUCT = YES;
			};
			name = Release;
		};
		66D0844E2BA3840D00EB8556 /* Debug */ = {
			isa = XCBuildConfiguration;
			buildSettings = {
				ASSETCATALOG_COMPILER_APPICON_NAME = AppIcon;
				ASSETCATALOG_COMPILER_GLOBAL_ACCENT_COLOR_NAME = AccentColor;
				CODE_SIGN_STYLE = Automatic;
				CURRENT_PROJECT_VERSION = 1;
				DEVELOPMENT_TEAM = 28XM46LW7H;
				GENERATE_INFOPLIST_FILE = YES;
				INFOPLIST_FILE = LuxAnimate/System/Info.plist;
				INFOPLIST_KEY_CFBundleDisplayName = "Lux Animate";
				INFOPLIST_KEY_UIApplicationSupportsIndirectInputEvents = YES;
				INFOPLIST_KEY_UILaunchStoryboardName = LaunchScreen;
				INFOPLIST_KEY_UIRequiresFullScreen = YES;
				INFOPLIST_KEY_UIStatusBarHidden = YES;
				INFOPLIST_KEY_UISupportedInterfaceOrientations_iPad = "UIInterfaceOrientationPortrait UIInterfaceOrientationPortraitUpsideDown UIInterfaceOrientationLandscapeLeft UIInterfaceOrientationLandscapeRight";
				INFOPLIST_KEY_UISupportedInterfaceOrientations_iPhone = "UIInterfaceOrientationPortrait UIInterfaceOrientationLandscapeLeft UIInterfaceOrientationLandscapeRight";
				LD_RUNPATH_SEARCH_PATHS = (
					"$(inherited)",
					"@executable_path/Frameworks",
				);
				MARKETING_VERSION = 0.0.1;
				PRODUCT_BUNDLE_IDENTIFIER = adamshin.LuxAnimate;
				PRODUCT_NAME = "$(TARGET_NAME)";
				SUPPORTED_PLATFORMS = "iphoneos iphonesimulator";
				SUPPORTS_MACCATALYST = NO;
				SUPPORTS_MAC_DESIGNED_FOR_IPHONE_IPAD = NO;
				SUPPORTS_XR_DESIGNED_FOR_IPHONE_IPAD = NO;
				SWIFT_EMIT_LOC_STRINGS = YES;
				SWIFT_VERSION = 5.0;
				TARGETED_DEVICE_FAMILY = 2;
			};
			name = Debug;
		};
		66D0844F2BA3840D00EB8556 /* Release */ = {
			isa = XCBuildConfiguration;
			buildSettings = {
				ASSETCATALOG_COMPILER_APPICON_NAME = AppIcon;
				ASSETCATALOG_COMPILER_GLOBAL_ACCENT_COLOR_NAME = AccentColor;
				CODE_SIGN_STYLE = Automatic;
				CURRENT_PROJECT_VERSION = 1;
				DEVELOPMENT_TEAM = 28XM46LW7H;
				GENERATE_INFOPLIST_FILE = YES;
				INFOPLIST_FILE = LuxAnimate/System/Info.plist;
				INFOPLIST_KEY_CFBundleDisplayName = "Lux Animate";
				INFOPLIST_KEY_UIApplicationSupportsIndirectInputEvents = YES;
				INFOPLIST_KEY_UILaunchStoryboardName = LaunchScreen;
				INFOPLIST_KEY_UIRequiresFullScreen = YES;
				INFOPLIST_KEY_UIStatusBarHidden = YES;
				INFOPLIST_KEY_UISupportedInterfaceOrientations_iPad = "UIInterfaceOrientationPortrait UIInterfaceOrientationPortraitUpsideDown UIInterfaceOrientationLandscapeLeft UIInterfaceOrientationLandscapeRight";
				INFOPLIST_KEY_UISupportedInterfaceOrientations_iPhone = "UIInterfaceOrientationPortrait UIInterfaceOrientationLandscapeLeft UIInterfaceOrientationLandscapeRight";
				LD_RUNPATH_SEARCH_PATHS = (
					"$(inherited)",
					"@executable_path/Frameworks",
				);
				MARKETING_VERSION = 0.0.1;
				PRODUCT_BUNDLE_IDENTIFIER = adamshin.LuxAnimate;
				PRODUCT_NAME = "$(TARGET_NAME)";
				SUPPORTED_PLATFORMS = "iphoneos iphonesimulator";
				SUPPORTS_MACCATALYST = NO;
				SUPPORTS_MAC_DESIGNED_FOR_IPHONE_IPAD = NO;
				SUPPORTS_XR_DESIGNED_FOR_IPHONE_IPAD = NO;
				SWIFT_EMIT_LOC_STRINGS = YES;
				SWIFT_VERSION = 5.0;
				TARGETED_DEVICE_FAMILY = 2;
			};
			name = Release;
		};
/* End XCBuildConfiguration section */

/* Begin XCConfigurationList section */
		66D084342BA3840B00EB8556 /* Build configuration list for PBXProject "LuxAnimate" */ = {
			isa = XCConfigurationList;
			buildConfigurations = (
				66D0844B2BA3840D00EB8556 /* Debug */,
				66D0844C2BA3840D00EB8556 /* Release */,
			);
			defaultConfigurationIsVisible = 0;
			defaultConfigurationName = Release;
		};
		66D0844D2BA3840D00EB8556 /* Build configuration list for PBXNativeTarget "LuxAnimate" */ = {
			isa = XCConfigurationList;
			buildConfigurations = (
				66D0844E2BA3840D00EB8556 /* Debug */,
				66D0844F2BA3840D00EB8556 /* Release */,
			);
			defaultConfigurationIsVisible = 0;
			defaultConfigurationName = Release;
		};
/* End XCConfigurationList section */
	};
	rootObject = 66D084312BA3840B00EB8556 /* Project object */;
}
